
Microsoft Visual Studio Solution File, Format Version 12.00
# Visual Studio 15
VisualStudioVersion = 15.0.27703.2042
MinimumVisualStudioVersion = 10.0.40219.1
Project("{FAE04EC0-301F-11D3-BF4B-00C04F79EFBC}") = "ProductivityTools.Examples.Winforms.ChangeBackgroundColor", "WindowsFormsApp1\ProductivityTools.Examples.Winforms.ChangeBackgroundColor.csproj", "{B077298E-69A9-4703-BD67-FD0EE41067FE}"
EndProject
Global
	GlobalSection(SolutionConfigurationPlatforms) = preSolution
		Debug|Any CPU = Debug|Any CPU
		Release|Any CPU = Release|Any CPU
	EndGlobalSection
	GlobalSection(ProjectConfigurationPlatforms) = postSolution
		{B077298E-69A9-4703-BD67-FD0EE41067FE}.Debug|Any CPU.ActiveCfg = Debug|Any CPU
		{B077298E-69A9-4703-BD67-FD0EE41067FE}.Debug|Any CPU.Build.0 = Debug|Any CPU
		{B077298E-69A9-4703-BD67-FD0EE41067FE}.Release|Any CPU.ActiveCfg = Release|Any CPU
		{B077298E-69A9-4703-BD67-FD0EE41067FE}.Release|Any CPU.Build.0 = Release|Any CPU
	EndGlobalSection
	GlobalSection(SolutionProperties) = preSolution
		HideSolutionNode = FALSE
	EndGlobalSection
	GlobalSection(ExtensibilityGlobals) = postSolution
		SolutionGuid = {99137574-42DD-4D7F-96E5-19E3C2DB1492}
	EndGlobalSection
EndGlobal
